
Microsoft Visual Studio Solution File, Format Version 12.00
# Visual Studio Version 17
VisualStudioVersion = 17.13.35825.156 d17.13
MinimumVisualStudioVersion = 10.0.40219.1
Project("{FAE04EC0-301F-11D3-BF4B-00C04F79EFBC}") = "AgendaContatos", "AgendaContatos.csproj", "{36A1C1FA-F19F-40EA-8637-75D180026D55}"
EndProject
Global
	GlobalSection(SolutionConfigurationPlatforms) = preSolution
		Debug|Any CPU = Debug|Any CPU
		Release|Any CPU = Release|Any CPU
	EndGlobalSection
	GlobalSection(ProjectConfigurationPlatforms) = postSolution
		{36A1C1FA-F19F-40EA-8637-75D180026D55}.Debug|Any CPU.ActiveCfg = Debug|Any CPU
		{36A1C1FA-F19F-40EA-8637-75D180026D55}.Debug|Any CPU.Build.0 = Debug|Any CPU
		{36A1C1FA-F19F-40EA-8637-75D180026D55}.Release|Any CPU.ActiveCfg = Release|Any CPU
		{36A1C1FA-F19F-40EA-8637-75D180026D55}.Release|Any CPU.Build.0 = Release|Any CPU
	EndGlobalSection
	GlobalSection(SolutionProperties) = preSolution
		HideSolutionNode = FALSE
	EndGlobalSection
	GlobalSection(ExtensibilityGlobals) = postSolution
		SolutionGuid = {5784624F-31CC-4686-81CC-F87F8F5AE629}
	EndGlobalSection
EndGlobal
